
Microsoft Visual Studio Solution File, Format Version 12.00
# Visual Studio Version 17
VisualStudioVersion = 17.10.35013.160
MinimumVisualStudioVersion = 10.0.40219.1
Project("{9A19103F-16F7-4668-BE54-9A1E7A4F7556}") = "BlazorAppMySql1", "BlazorAppMySql1\BlazorAppMySql1.csproj", "{0B27A4D9-22BC-4D99-BF16-C8790EA90481}"
EndProject
Project("{9A19103F-16F7-4668-BE54-9A1E7A4F7556}") = "DataAccess", "DataAccess\DataAccess.csproj", "{98E480D1-05BB-4139-8440-F60969D5E2A5}"
EndProject
Global
	GlobalSection(SolutionConfigurationPlatforms) = preSolution
		Debug|Any CPU = Debug|Any CPU
		Release|Any CPU = Release|Any CPU
	EndGlobalSection
	GlobalSection(ProjectConfigurationPlatforms) = postSolution
		{0B27A4D9-22BC-4D99-BF16-C8790EA90481}.Debug|Any CPU.ActiveCfg = Debug|Any CPU
		{0B27A4D9-22BC-4D99-BF16-C8790EA90481}.Debug|Any CPU.Build.0 = Debug|Any CPU
		{0B27A4D9-22BC-4D99-BF16-C8790EA90481}.Release|Any CPU.ActiveCfg = Release|Any CPU
		{0B27A4D9-22BC-4D99-BF16-C8790EA90481}.Release|Any CPU.Build.0 = Release|Any CPU
		{98E480D1-05BB-4139-8440-F60969D5E2A5}.Debug|Any CPU.ActiveCfg = Debug|Any CPU
		{98E480D1-05BB-4139-8440-F60969D5E2A5}.Debug|Any CPU.Build.0 = Debug|Any CPU
		{98E480D1-05BB-4139-8440-F60969D5E2A5}.Release|Any CPU.ActiveCfg = Release|Any CPU
		{98E480D1-05BB-4139-8440-F60969D5E2A5}.Release|Any CPU.Build.0 = Release|Any CPU
	EndGlobalSection
	GlobalSection(SolutionProperties) = preSolution
		HideSolutionNode = FALSE
	EndGlobalSection
	GlobalSection(ExtensibilityGlobals) = postSolution
		SolutionGuid = {71B364FC-AC30-41A9-BD70-9148943092C5}
	EndGlobalSection
EndGlobal
